
Microsoft Visual Studio Solution File, Format Version 12.00
# Visual Studio Version 17
VisualStudioVersion = 17.6.33829.357
MinimumVisualStudioVersion = 10.0.40219.1
Project("{FAE04EC0-301F-11D3-BF4B-00C04F79EFBC}") = "SpaceJAM", "SpaceJAM\SpaceJAM.csproj", "{1164C2B2-C2A0-4E6C-A600-B6CD8CD7B815}"
EndProject
Global
	GlobalSection(SolutionConfigurationPlatforms) = preSolution
		Debug|Any CPU = Debug|Any CPU
		Release|Any CPU = Release|Any CPU
	EndGlobalSection
	GlobalSection(ProjectConfigurationPlatforms) = postSolution
		{1164C2B2-C2A0-4E6C-A600-B6CD8CD7B815}.Debug|Any CPU.ActiveCfg = Debug|Any CPU
		{1164C2B2-C2A0-4E6C-A600-B6CD8CD7B815}.Debug|Any CPU.Build.0 = Debug|Any CPU
		{1164C2B2-C2A0-4E6C-A600-B6CD8CD7B815}.Release|Any CPU.ActiveCfg = Release|Any CPU
		{1164C2B2-C2A0-4E6C-A600-B6CD8CD7B815}.Release|Any CPU.Build.0 = Release|Any CPU
	EndGlobalSection
	GlobalSection(SolutionProperties) = preSolution
		HideSolutionNode = FALSE
	EndGlobalSection
	GlobalSection(ExtensibilityGlobals) = postSolution
		SolutionGuid = {717EE961-49E5-48A0-A30F-35779DCFB512}
	EndGlobalSection
EndGlobal
